hash: f53d4d0c85eb26497520c0ae209936a320e6503ccbc174ebfa29efcec12b2da0
updated: 2019-01-24T01:15:04.069263-03:00
imports:
- name: github.com/disintegration/imaging
  version: 6b1a0e7447cb1ebaca4b10543571bdb6e3e324c6
- name: github.com/lucasb-eyer/go-colorful
  version: 12d3b2882a08d1abc9488e34f3e1ae35165f2d07
- name: golang.org/x/crypto
  version: 057139ce5d2bdbe6fe73c53679e24e9cf007f637
  subpackages:
  - ssh/terminal
- name: golang.org/x/image
  version: 83686c547965220f8b5d75e83ddc67d73420a89f
  subpackages:
  - bmp
  - riff
  - tiff
  - tiff/lzw
  - vp8
  - vp8l
  - webp
- name: golang.org/x/sys
  version: c6b37f3e92850b723493d63fd35aad34e19e048d
  subpackages:
  - unix
  - windows
testImports: []
